
Microsoft Visual Studio Solution File, Format Version 11.00
# Visual Studio 2010
Project("{FAE04EC0-301F-11D3-BF4B-00C04F79EFBC}") = "SHA512", "SHA512\SHA512.csproj", "{DB536012-4799-4D9A-AAB1-4E0606BE48BC}"
EndProject
Global
	GlobalSection(SolutionConfigurationPlatforms) = preSolution
		Debug|x86 = Debug|x86
		Release|x86 = Release|x86
	EndGlobalSection
	GlobalSection(ProjectConfigurationPlatforms) = postSolution
		{DB536012-4799-4D9A-AAB1-4E0606BE48BC}.Debug|x86.ActiveCfg = Debug|x86
		{DB536012-4799-4D9A-AAB1-4E0606BE48BC}.Debug|x86.Build.0 = Debug|x86
		{DB536012-4799-4D9A-AAB1-4E0606BE48BC}.Release|x86.ActiveCfg = Release|x86
		{DB536012-4799-4D9A-AAB1-4E0606BE48BC}.Release|x86.Build.0 = Release|x86
	EndGlobalSection
	GlobalSection(SolutionProperties) = preSolution
		HideSolutionNode = FALSE
	EndGlobalSection
EndGlobal
